// !$*UTF8*$!
{
	archiveVersion = 1;
	classes = {
	};
	objectVersion = 50;
	objects = {

/* Begin PBXBuildFile section */
		21E57BD7257CE57E007A76ED /* AppDelegate.swift in Sources */ = {isa = PBXBuildFile; fileRef = 21E57BD6257CE57E007A76ED /* AppDelegate.swift */; };
		21E57BD9257CE57E007A76ED /* SceneDelegate.swift in Sources */ = {isa = PBXBuildFile; fileRef = 21E57BD8257CE57E007A76ED /* SceneDelegate.swift */; };
		21E57BDB257CE57E007A76ED /* ViewController.swift in Sources */ = {isa = PBXBuildFile; fileRef = 21E57BDA257CE57E007A76ED /* ViewController.swift */; };
		21E57BDE257CE57E007A76ED /* Main.storyboard in Resources */ = {isa = PBXBuildFile; fileRef = 21E57BDC257CE57E007A76ED /* Main.storyboard */; };
		21E57BE0257CE581007A76ED /* Assets.xcassets in Resources */ = {isa = PBXBuildFile; fileRef = 21E57BDF257CE581007A76ED /* Assets.xcassets */; };
		21E57BE3257CE581007A76ED /* LaunchScreen.storyboard in Resources */ = {isa = PBXBuildFile; fileRef = 21E57BE1257CE581007A76ED /* LaunchScreen.storyboard */; };
		21E57BEB257CE8D3007A76ED /* StackViewByCode.swift in Sources */ = {isa = PBXBuildFile; fileRef = 21E57BEA257CE8D3007A76ED /* StackViewByCode.swift */; };
/* End PBXBuildFile section */

/* Begin PBXFileReference section */
		21E57BD3257CE57E007A76ED /* IntrisicContentSize+StackView.app */ = {isa = PBXFileReference; explicitFileType = wrapper.application; includeInIndex = 0; path = "IntrisicContentSize+StackView.app"; sourceTree = BUILT_PRODUCTS_DIR; };
		21E57BD6257CE57E007A76ED /* AppDelegate.swift */ = {isa = PBXFileReference; lastKnownFileType = sourcecode.swift; path = AppDelegate.swift; sourceTree = "<group>"; };
		21E57BD8257CE57E007A76ED /* SceneDelegate.swift */ = {isa = PBXFileReference; lastKnownFileType = sourcecode.swift; path = SceneDelegate.swift; sourceTree = "<group>"; };
		21E57BDA257CE57E007A76ED /* ViewController.swift */ = {isa = PBXFileReference; lastKnownFileType = sourcecode.swift; path = ViewController.swift; sourceTree = "<group>"; };
		21E57BDD257CE57E007A76ED /* Base */ = {isa = PBXFileReference; lastKnownFileType = file.storyboard; name = Base; path = Base.lproj/Main.storyboard; sourceTree = "<group>"; };
		21E57BDF257CE581007A76ED /* Assets.xcassets */ = {isa = PBXFileReference; lastKnownFileType = folder.assetcatalog; path = Assets.xcassets; sourceTree = "<group>"; };
		21E57BE2257CE581007A76ED /* Base */ = {isa = PBXFileReference; lastKnownFileType = file.storyboard; name = Base; path = Base.lproj/LaunchScreen.storyboard; sourceTree = "<group>"; };
		21E57BE4257CE581007A76ED /* Info.plist */ = {isa = PBXFileReference; lastKnownFileType = text.plist.xml; path = Info.plist; sourceTree = "<group>"; };
		21E57BEA257CE8D3007A76ED /* StackViewByCode.swift */ = {isa = PBXFileReference; lastKnownFileType = sourcecode.swift; path = StackViewByCode.swift; sourceTree = "<group>"; };
/* End PBXFileReference section */

/* Begin PBXFrameworksBuildPhase section */
		21E57BD0257CE57E007A76ED /* Frameworks */ = {
			isa = PBXFrameworksBuildPhase;
			buildActionMask = 2147483647;
			files = (
			);
			runOnlyForDeploymentPostprocessing = 0;
		};
/* End PBXFrameworksBuildPhase section */

/* Begin PBXGroup section */
		21E57BCA257CE57E007A76ED = {
			isa = PBXGroup;
			children = (
				21E57BD5257CE57E007A76ED /* IntrisicContentSize+StackView */,
				21E57BD4257CE57E007A76ED /* Products */,
			);
			sourceTree = "<group>";
		};
		21E57BD4257CE57E007A76ED /* Products */ = {
			isa = PBXGroup;
			children = (
				21E57BD3257CE57E007A76ED /* IntrisicContentSize+StackView.app */,
			);
			name = Products;
			sourceTree = "<group>";
		};
		21E57BD5257CE57E007A76ED /* IntrisicContentSize+StackView */ = {
			isa = PBXGroup;
			children = (
				21E57BD6257CE57E007A76ED /* AppDelegate.swift */,
				21E57BD8257CE57E007A76ED /* SceneDelegate.swift */,
				21E57BDA257CE57E007A76ED /* ViewController.swift */,
				21E57BDC257CE57E007A76ED /* Main.storyboard */,
				21E57BDF257CE581007A76ED /* Assets.xcassets */,
				21E57BE1257CE581007A76ED /* LaunchScreen.storyboard */,
				21E57BE4257CE581007A76ED /* Info.plist */,
				21E57BEA257CE8D3007A76ED /* StackViewByCode.swift */,
			);
			path = "IntrisicContentSize+StackView";
			sourceTree = "<group>";
		};
/* End PBXGroup section */

/* Begin PBXNativeTarget section */
		21E57BD2257CE57E007A76ED /* IntrisicContentSize+StackView */ = {
			isa = PBXNativeTarget;
			buildConfigurationList = 21E57BE7257CE581007A76ED /* Build configuration list for PBXNativeTarget "IntrisicContentSize+StackView" */;
			buildPhases = (
				21E57BCF257CE57E007A76ED /* Sources */,
				21E57BD0257CE57E007A76ED /* Frameworks */,
				21E57BD1257CE57E007A76ED /* Resources */,
			);
			buildRules = (
			);
			dependencies = (
			);
			name = "IntrisicContentSize+StackView";
			productName = "IntrisicContentSize+StackView";
			productReference = 21E57BD3257CE57E007A76ED /* IntrisicContentSize+StackView.app */;
			productType = "com.apple.product-type.application";
		};
/* End PBXNativeTarget section */

/* Begin PBXProject section */
		21E57BCB257CE57E007A76ED /* Project object */ = {
			isa = PBXProject;
			attributes = {
				LastSwiftUpdateCheck = 1170;
				LastUpgradeCheck = 1170;
				ORGANIZATIONNAME = Contractors;
				TargetAttributes = {
					21E57BD2257CE57E007A76ED = {
						CreatedOnToolsVersion = 11.7;
					};
				};
			};
			buildConfigurationList = 21E57BCE257CE57E007A76ED /* Build configuration list for PBXProject "IntrisicContentSize+StackView" */;
			compatibilityVersion = "Xcode 9.3";
			developmentRegion = en;
			hasScannedForEncodings = 0;
			knownRegions = (
				en,
				Base,
			);
			mainGroup = 21E57BCA257CE57E007A76ED;
			productRefGroup = 21E57BD4257CE57E007A76ED /* Products */;
			projectDirPath = "";
			projectRoot = "";
			targets = (
				21E57BD2257CE57E007A76ED /* IntrisicContentSize+StackView */,
			);
		};
/* End PBXProject section */

/* Begin PBXResourcesBuildPhase section */
		21E57BD1257CE57E007A76ED /* Resources */ = {
			isa = PBXResourcesBuildPhase;
			buildActionMask = 2147483647;
			files = (
				21E57BE3257CE581007A76ED /* LaunchScreen.storyboard in Resources */,
				21E57BE0257CE581007A76ED /* Assets.xcassets in Resources */,
				21E57BDE257CE57E007A76ED /* Main.storyboard in Resources */,
			);
			runOnlyForDeploymentPostprocessing = 0;
		};
/* End PBXResourcesBuildPhase section */

/* Begin PBXSourcesBuildPhase section */
		21E57BCF257CE57E007A76ED /* Sources */ = {
			isa = PBXSourcesBuildPhase;
			buildActionMask = 2147483647;
			files = (
				21E57BDB257CE57E007A76ED /* ViewController.swift in Sources */,
				21E57BD7257CE57E007A76ED /* AppDelegate.swift in Sources */,
				21E57BD9257CE57E007A76ED /* SceneDelegate.swift in Sources */,
				21E57BEB257CE8D3007A76ED /* StackViewByCode.swift in Sources */,
			);
			runOnlyForDeploymentPostprocessing = 0;
		};
/* End PBXSourcesBuildPhase section */

/* Begin PBXVariantGroup section */
		21E57BDC257CE57E007A76ED /* Main.storyboard */ = {
			isa = PBXVariantGroup;
			children = (
				21E57BDD257CE57E007A76ED /* Base */,
			);
			name = Main.storyboard;
			sourceTree = "<group>";
		};
		21E57BE1257CE581007A76ED /* LaunchScreen.storyboard */ = {
			isa = PBXVariantGroup;
			children = (
				21E57BE2257CE581007A76ED /* Base */,
			);
			name = LaunchScreen.storyboard;
			sourceTree = "<group>";
		};
/* End PBXVariantGroup section */

/* Begin XCBuildConfiguration section */
		21E57BE5257CE581007A76ED /* Debug */ = {
			isa = XCBuildConfiguration;
			buildSettings = {
				ALWAYS_SEARCH_USER_PATHS = NO;
				CLANG_ANALYZER_NONNULL = YES;
				CLANG_ANALYZER_NUMBER_OBJECT_CONVERSION = YES_AGGRESSIVE;
				CLANG_CXX_LANGUAGE_STANDARD = "gnu++14";
				CLANG_CXX_LIBRARY = "libc++";
				CLANG_ENABLE_MODULES = YES;
				CLANG_ENABLE_OBJC_ARC = YES;
				CLANG_ENABLE_OBJC_WEAK = YES;
				CLANG_WARN_BLOCK_CAPTURE_AUTORELEASING = YES;
				CLANG_WARN_BOOL_CONVERSION = YES;
				CLANG_WARN_COMMA = YES;
				CLANG_WARN_CONSTANT_CONVERSION = YES;
				CLANG_WARN_DEPRECATED_OBJC_IMPLEMENTATIONS = YES;
				CLANG_WARN_DIRECT_OBJC_ISA_USAGE = YES_ERROR;
				CLANG_WARN_DOCUMENTATION_COMMENTS = YES;
				CLANG_WARN_EMPTY_BODY = YES;
				CLANG_WARN_ENUM_CONVERSION = YES;
				CLANG_WARN_INFINITE_RECURSION = YES;
				CLANG_WARN_INT_CONVERSION = YES;
				CLANG_WARN_NON_LITERAL_NULL_CONVERSION = YES;
				CLANG_WARN_OBJC_IMPLICIT_RETAIN_SELF = YES;
				CLANG_WARN_OBJC_LITERAL_CONVERSION = YES;
				CLANG_WARN_OBJC_ROOT_CLASS = YES_ERROR;
				CLANG_WARN_RANGE_LOOP_ANALYSIS = YES;
				CLANG_WARN_STRICT_PROTOTYPES = YES;
				CLANG_WARN_SUSPICIOUS_MOVE = YES;
				CLANG_WARN_UNGUARDED_AVAILABILITY = YES_AGGRESSIVE;
				CLANG_WARN_UNREACHABLE_CODE = YES;
				CLANG_WARN__DUPLICATE_METHOD_MATCH = YES;
				COPY_PHASE_STRIP = NO;
				DEBUG_INFORMATION_FORMAT = dwarf;
				ENABLE_STRICT_OBJC_MSGSEND = YES;
				ENABLE_TESTABILITY = YES;
				GCC_C_LANGUAGE_STANDARD = gnu11;
				GCC_DYNAMIC_NO_PIC = NO;
				GCC_NO_COMMON_BLOCKS = YES;
				GCC_OPTIMIZATION_LEVEL = 0;
				GCC_PREPROCESSOR_DEFINITIONS = (
					"DEBUG=1",
					"$(inherited)",
				);
				GCC_WARN_64_TO_32_BIT_CONVERSION = YES;
				GCC_WARN_ABOUT_RETURN_TYPE = YES_ERROR;
				GCC_WARN_UNDECLARED_SELECTOR = YES;
				GCC_WARN_UNINITIALIZED_AUTOS = YES_AGGRESSIVE;
				GCC_WARN_UNUSED_FUNCTION = YES;
				GCC_WARN_UNUSED_VARIABLE = YES;
				IPHONEOS_DEPLOYMENT_TARGET = 13.7;
				MTL_ENABLE_DEBUG_INFO = INCLUDE_SOURCE;
				MTL_FAST_MATH = YES;
				ONLY_ACTIVE_ARCH = YES;
				SDKROOT = iphoneos;
				SWIFT_ACTIVE_COMPILATION_CONDITIONS = DEBUG;
				SWIFT_OPTIMIZATION_LEVEL = "-Onone";
			};
			name = Debug;
		};
		21E57BE6257CE581007A76ED /* Release */ = {
			isa = XCBuildConfiguration;
			buildSettings = {
				ALWAYS_SEARCH_USER_PATHS = NO;
				CLANG_ANALYZER_NONNULL = YES;
				CLANG_ANALYZER_NUMBER_OBJECT_CONVERSION = YES_AGGRESSIVE;
				CLANG_CXX_LANGUAGE_STANDARD = "gnu++14";
				CLANG_CXX_LIBRARY = "libc++";
				CLANG_ENABLE_MODULES = YES;
				CLANG_ENABLE_OBJC_ARC = YES;
				CLANG_ENABLE_OBJC_WEAK = YES;
				CLANG_WARN_BLOCK_CAPTURE_AUTORELEASING = YES;
				CLANG_WARN_BOOL_CONVERSION = YES;
				CLANG_WARN_COMMA = YES;
				CLANG_WARN_CONSTANT_CONVERSION = YES;
				CLANG_WARN_DEPRECATED_OBJC_IMPLEMENTATIONS = YES;
				CLANG_WARN_DIRECT_OBJC_ISA_USAGE = YES_ERROR;
				CLANG_WARN_DOCUMENTATION_COMMENTS = YES;
				CLANG_WARN_EMPTY_BODY = YES;
				CLANG_WARN_ENUM_CONVERSION = YES;
				CLANG_WARN_INFINITE_RECURSION = YES;
				CLANG_WARN_INT_CONVERSION = YES;
				CLANG_WARN_NON_LITERAL_NULL_CONVERSION = YES;
				CLANG_WARN_OBJC_IMPLICIT_RETAIN_SELF = YES;
				CLANG_WARN_OBJC_LITERAL_CONVERSION = YES;
				CLANG_WARN_OBJC_ROOT_CLASS = YES_ERROR;
				CLANG_WARN_RANGE_LOOP_ANALYSIS = YES;
				CLANG_WARN_STRICT_PROTOTYPES = YES;
				CLANG_WARN_SUSPICIOUS_MOVE = YES;
				CLANG_WARN_UNGUARDED_AVAILABILITY = YES_AGGRESSIVE;
				CLANG_WARN_UNREACHABLE_CODE = YES;
				CLANG_WARN__DUPLICATE_METHOD_MATCH = YES;
				COPY_PHASE_STRIP = NO;
				DEBUG_INFORMATION_FORMAT = "dwarf-with-dsym";
				ENABLE_NS_ASSERTIONS = NO;
				ENABLE_STRICT_OBJC_MSGSEND = YES;
				GCC_C_LANGUAGE_STANDARD = gnu11;
				GCC_NO_COMMON_BLOCKS = YES;
				GCC_WARN_64_TO_32_BIT_CONVERSION = YES;
				GCC_WARN_ABOUT_RETURN_TYPE = YES_ERROR;
				GCC_WARN_UNDECLARED_SELECTOR = YES;
				GCC_WARN_UNINITIALIZED_AUTOS = YES_AGGRESSIVE;
				GCC_WARN_UNUSED_FUNCTION = YES;
				GCC_WARN_UNUSED_VARIABLE = YES;
				IPHONEOS_DEPLOYMENT_TARGET = 13.7;
				MTL_ENABLE_DEBUG_INFO = NO;
				MTL_FAST_MATH = YES;
				SDKROOT = iphoneos;
				SWIFT_COMPILATION_MODE = wholemodule;
				SWIFT_OPTIMIZATION_LEVEL = "-O";
				VALIDATE_PRODUCT = YES;
			};
			name = Release;
		};
		21E57BE8257CE581007A76ED /* Debug */ = {
			isa = XCBuildConfiguration;
			buildSettings = {
				ASSETCATALOG_COMPILER_APPICON_NAME = AppIcon;
				CODE_SIGN_STYLE = Automatic;
				DEVELOPMENT_TEAM = HX2KDJWACJ;
				INFOPLIST_FILE = "IntrisicContentSize+StackView/Info.plist";
				LD_RUNPATH_SEARCH_PATHS = (
					"$(inherited)",
					"@executable_path/Frameworks",
				);
				PRODUCT_BUNDLE_IDENTIFIER = "Contractors.IntrisicContentSize-StackView";
				PRODUCT_NAME = "$(TARGET_NAME)";
				SWIFT_VERSION = 5.0;
				TARGETED_DEVICE_FAMILY = "1,2";
			};
			name = Debug;
		};
		21E57BE9257CE581007A76ED /* Release */ = {
			isa = XCBuildConfiguration;
			buildSettings = {
				ASSETCATALOG_COMPILER_APPICON_NAME = AppIcon;
				CODE_SIGN_STYLE = Automatic;
				DEVELOPMENT_TEAM = HX2KDJWACJ;
				INFOPLIST_FILE = "IntrisicContentSize+StackView/Info.plist";
				LD_RUNPATH_SEARCH_PATHS = (
					"$(inherited)",
					"@executable_path/Frameworks",
				);
				PRODUCT_BUNDLE_IDENTIFIER = "Contractors.IntrisicContentSize-StackView";
				PRODUCT_NAME = "$(TARGET_NAME)";
				SWIFT_VERSION = 5.0;
				TARGETED_DEVICE_FAMILY = "1,2";
			};
			name = Release;
		};
/* End XCBuildConfiguration section */

/* Begin XCConfigurationList section */
		21E57BCE257CE57E007A76ED /* Build configuration list for PBXProject "IntrisicContentSize+StackView" */ = {
			isa = XCConfigurationList;
			buildConfigurations = (
				21E57BE5257CE581007A76ED /* Debug */,
				21E57BE6257CE581007A76ED /* Release */,
			);
			defaultConfigurationIsVisible = 0;
			defaultConfigurationName = Release;
		};
		21E57BE7257CE581007A76ED /* Build configuration list for PBXNativeTarget "IntrisicContentSize+StackView" */ = {
			isa = XCConfigurationList;
			buildConfigurations = (
				21E57BE8257CE581007A76ED /* Debug */,
				21E57BE9257CE581007A76ED /* Release */,
			);
			defaultConfigurationIsVisible = 0;
			defaultConfigurationName = Release;
		};
/* End XCConfigurationList section */
	};
	rootObject = 21E57BCB257CE57E007A76ED /* Project object */;
}
